// !$*UTF8*$!
{
	archiveVersion = 1;
	classes = {
	};
	objectVersion = 50;
	objects = {

/* Begin PBXBuildFile section */
		114432E521A3725500C1B990 /* AppDelegate.swift in Sources */ = {isa = PBXBuildFile; fileRef = 114432E421A3725500C1B990 /* AppDelegate.swift */; };
		114432E721A3725500C1B990 /* WelcomeViewController.swift in Sources */ = {isa = PBXBuildFile; fileRef = 114432E621A3725500C1B990 /* WelcomeViewController.swift */; };
		114432EA21A3725500C1B990 /* Main.storyboard in Resources */ = {isa = PBXBuildFile; fileRef = 114432E821A3725500C1B990 /* Main.storyboard */; };
		114432EC21A3725600C1B990 /* Assets.xcassets in Resources */ = {isa = PBXBuildFile; fileRef = 114432EB21A3725600C1B990 /* Assets.xcassets */; };
		114432EF21A3725600C1B990 /* LaunchScreen.storyboard in Resources */ = {isa = PBXBuildFile; fileRef = 114432ED21A3725600C1B990 /* LaunchScreen.storyboard */; };
		114432F721A372F800C1B990 /* WordsViewController.swift in Sources */ = {isa = PBXBuildFile; fileRef = 114432F621A372F800C1B990 /* WordsViewController.swift */; };
		114432F921A3730900C1B990 /* MadLibViewController.swift in Sources */ = {isa = PBXBuildFile; fileRef = 114432F821A3730900C1B990 /* MadLibViewController.swift */; };
		11E56B7D21A591450086680B /* madlib3_clothes.txt in Resources */ = {isa = PBXBuildFile; fileRef = 11E56B7721A591450086680B /* madlib3_clothes.txt */; };
		11E56B7E21A591450086680B /* Story.swift in Sources */ = {isa = PBXBuildFile; fileRef = 11E56B7821A591450086680B /* Story.swift */; };
		11E56B7F21A591450086680B /* madlib0_simple.txt in Resources */ = {isa = PBXBuildFile; fileRef = 11E56B7921A591450086680B /* madlib0_simple.txt */; };
		11E56B8021A591450086680B /* madlib1_tarzan.txt in Resources */ = {isa = PBXBuildFile; fileRef = 11E56B7A21A591450086680B /* madlib1_tarzan.txt */; };
		11E56B8121A591450086680B /* madlib2_university.txt in Resources */ = {isa = PBXBuildFile; fileRef = 11E56B7B21A591450086680B /* madlib2_university.txt */; };
		11E56B8221A591450086680B /* madlib4_dance.txt in Resources */ = {isa = PBXBuildFile; fileRef = 11E56B7C21A591450086680B /* madlib4_dance.txt */; };
/* End PBXBuildFile section */

/* Begin PBXCopyFilesBuildPhase section */
		11E56B7621A591100086680B /* CopyFiles */ = {
			isa = PBXCopyFilesBuildPhase;
			buildActionMask = 2147483647;
			dstPath = "";
			dstSubfolderSpec = 7;
			files = (
			);
			runOnlyForDeploymentPostprocessing = 0;
		};
/* End PBXCopyFilesBuildPhase section */

/* Begin PBXFileReference section */
		114432E121A3725500C1B990 /* SanderDeVries-pset2.app */ = {isa = PBXFileReference; explicitFileType = wrapper.application; includeInIndex = 0; path = "SanderDeVries-pset2.app"; sourceTree = BUILT_PRODUCTS_DIR; };
		114432E421A3725500C1B990 /* AppDelegate.swift */ = {isa = PBXFileReference; lastKnownFileType = sourcecode.swift; path = AppDelegate.swift; sourceTree = "<group>"; };
		114432E621A3725500C1B990 /* WelcomeViewController.swift */ = {isa = PBXFileReference; lastKnownFileType = sourcecode.swift; path = WelcomeViewController.swift; sourceTree = "<group>"; };
		114432E921A3725500C1B990 /* Base */ = {isa = PBXFileReference; lastKnownFileType = file.storyboard; name = Base; path = Base.lproj/Main.storyboard; sourceTree = "<group>"; };
		114432EB21A3725600C1B990 /* Assets.xcassets */ = {isa = PBXFileReference; lastKnownFileType = folder.assetcatalog; path = Assets.xcassets; sourceTree = "<group>"; };
		114432EE21A3725600C1B990 /* Base */ = {isa = PBXFileReference; lastKnownFileType = file.storyboard; name = Base; path = Base.lproj/LaunchScreen.storyboard; sourceTree = "<group>"; };
		114432F021A3725600C1B990 /* Info.plist */ = {isa = PBXFileReference; lastKnownFileType = text.plist.xml; path = Info.plist; sourceTree = "<group>"; };
		114432F621A372F800C1B990 /* WordsViewController.swift */ = {isa = PBXFileReference; lastKnownFileType = sourcecode.swift; path = WordsViewController.swift; sourceTree = "<group>"; };
		114432F821A3730900C1B990 /* MadLibViewController.swift */ = {isa = PBXFileReference; lastKnownFileType = sourcecode.swift; path = MadLibViewController.swift; sourceTree = "<group>"; };
		11E56B7721A591450086680B /* madlib3_clothes.txt */ = {isa = PBXFileReference; fileEncoding = 4; lastKnownFileType = text; path = madlib3_clothes.txt; sourceTree = "<group>"; };
		11E56B7821A591450086680B /* Story.swift */ = {isa = PBXFileReference; fileEncoding = 4; lastKnownFileType = sourcecode.swift; path = Story.swift; sourceTree = "<group>"; };
		11E56B7921A591450086680B /* madlib0_simple.txt */ = {isa = PBXFileReference; fileEncoding = 4; lastKnownFileType = text; path = madlib0_simple.txt; sourceTree = "<group>"; };
		11E56B7A21A591450086680B /* madlib1_tarzan.txt */ = {isa = PBXFileReference; fileEncoding = 4; lastKnownFileType = text; path = madlib1_tarzan.txt; sourceTree = "<group>"; };
		11E56B7B21A591450086680B /* madlib2_university.txt */ = {isa = PBXFileReference; fileEncoding = 4; lastKnownFileType = text; path = madlib2_university.txt; sourceTree = "<group>"; };
		11E56B7C21A591450086680B /* madlib4_dance.txt */ = {isa = PBXFileReference; fileEncoding = 4; lastKnownFileType = text; path = madlib4_dance.txt; sourceTree = "<group>"; };
/* End PBXFileReference section */

/* Begin PBXFrameworksBuildPhase section */
		114432DE21A3725500C1B990 /* Frameworks */ = {
			isa = PBXFrameworksBuildPhase;
			buildActionMask = 2147483647;
			files = (
			);
			runOnlyForDeploymentPostprocessing = 0;
		};
/* End PBXFrameworksBuildPhase section */

/* Begin PBXGroup section */
		114432D821A3725500C1B990 = {
			isa = PBXGroup;
			children = (
				114432E321A3725500C1B990 /* SanderDeVries-pset2 */,
				114432E221A3725500C1B990 /* Products */,
			);
			sourceTree = "<group>";
		};
		114432E221A3725500C1B990 /* Products */ = {
			isa = PBXGroup;
			children = (
				114432E121A3725500C1B990 /* SanderDeVries-pset2.app */,
			);
			name = Products;
			sourceTree = "<group>";
		};
		114432E321A3725500C1B990 /* SanderDeVries-pset2 */ = {
			isa = PBXGroup;
			children = (
				114432E421A3725500C1B990 /* AppDelegate.swift */,
				114432E621A3725500C1B990 /* WelcomeViewController.swift */,
				114432F621A372F800C1B990 /* WordsViewController.swift */,
				114432F821A3730900C1B990 /* MadLibViewController.swift */,
				114432E821A3725500C1B990 /* Main.storyboard */,
				114432EB21A3725600C1B990 /* Assets.xcassets */,
				114432ED21A3725600C1B990 /* LaunchScreen.storyboard */,
				11E56B8421A5925E0086680B /* stories */,
				11E56B7821A591450086680B /* Story.swift */,
				114432F021A3725600C1B990 /* Info.plist */,
			);
			path = "SanderDeVries-pset2";
			sourceTree = "<group>";
		};
		11E56B8421A5925E0086680B /* stories */ = {
			isa = PBXGroup;
			children = (
				11E56B7921A591450086680B /* madlib0_simple.txt */,
				11E56B7A21A591450086680B /* madlib1_tarzan.txt */,
				11E56B7B21A591450086680B /* madlib2_university.txt */,
				11E56B7721A591450086680B /* madlib3_clothes.txt */,
				11E56B7C21A591450086680B /* madlib4_dance.txt */,
			);
			name = stories;
			sourceTree = "<group>";
		};
/* End PBXGroup section */

/* Begin PBXNativeTarget section */
		114432E021A3725500C1B990 /* SanderDeVries-pset2 */ = {
			isa = PBXNativeTarget;
			buildConfigurationList = 114432F321A3725600C1B990 /* Build configuration list for PBXNativeTarget "SanderDeVries-pset2" */;
			buildPhases = (
				114432DD21A3725500C1B990 /* Sources */,
				114432DE21A3725500C1B990 /* Frameworks */,
				114432DF21A3725500C1B990 /* Resources */,
				11E56B7621A591100086680B /* CopyFiles */,
			);
			buildRules = (
			);
			dependencies = (
			);
			name = "SanderDeVries-pset2";
			productName = MadLibs;
			productReference = 114432E121A3725500C1B990 /* SanderDeVries-pset2.app */;
			productType = "com.apple.product-type.application";
		};
/* End PBXNativeTarget section */

/* Begin PBXProject section */
		114432D921A3725500C1B990 /* Project object */ = {
			isa = PBXProject;
			attributes = {
				LastSwiftUpdateCheck = 1010;
				LastUpgradeCheck = 1010;
				ORGANIZATIONNAME = "Sander de Vries";
				TargetAttributes = {
					114432E021A3725500C1B990 = {
						CreatedOnToolsVersion = 10.1;
					};
				};
			};
			buildConfigurationList = 114432DC21A3725500C1B990 /* Build configuration list for PBXProject "SanderDeVries-pset2" */;
			compatibilityVersion = "Xcode 9.3";
			developmentRegion = en;
			hasScannedForEncodings = 0;
			knownRegions = (
				en,
				Base,
			);
			mainGroup = 114432D821A3725500C1B990;
			productRefGroup = 114432E221A3725500C1B990 /* Products */;
			projectDirPath = "";
			projectRoot = "";
			targets = (
				114432E021A3725500C1B990 /* SanderDeVries-pset2 */,
			);
		};
/* End PBXProject section */

/* Begin PBXResourcesBuildPhase section */
		114432DF21A3725500C1B990 /* Resources */ = {
			isa = PBXResourcesBuildPhase;
			buildActionMask = 2147483647;
			files = (
				114432EF21A3725600C1B990 /* LaunchScreen.storyboard in Resources */,
				114432EC21A3725600C1B990 /* Assets.xcassets in Resources */,
				11E56B7D21A591450086680B /* madlib3_clothes.txt in Resources */,
				11E56B8021A591450086680B /* madlib1_tarzan.txt in Resources */,
				114432EA21A3725500C1B990 /* Main.storyboard in Resources */,
				11E56B8121A591450086680B /* madlib2_university.txt in Resources */,
				11E56B8221A591450086680B /* madlib4_dance.txt in Resources */,
				11E56B7F21A591450086680B /* madlib0_simple.txt in Resources */,
			);
			runOnlyForDeploymentPostprocessing = 0;
		};
/* End PBXResourcesBuildPhase section */

/* Begin PBXSourcesBuildPhase section */
		114432DD21A3725500C1B990 /* Sources */ = {
			isa = PBXSourcesBuildPhase;
			buildActionMask = 2147483647;
			files = (
				114432F721A372F800C1B990 /* WordsViewController.swift in Sources */,
				114432F921A3730900C1B990 /* MadLibViewController.swift in Sources */,
				114432E721A3725500C1B990 /* WelcomeViewController.swift in Sources */,
				114432E521A3725500C1B990 /* AppDelegate.swift in Sources */,
				11E56B7E21A591450086680B /* Story.swift in Sources */,
			);
			runOnlyForDeploymentPostprocessing = 0;
		};
/* End PBXSourcesBuildPhase section */

/* Begin PBXVariantGroup section */
		114432E821A3725500C1B990 /* Main.storyboard */ = {
			isa = PBXVariantGroup;
			children = (
				114432E921A3725500C1B990 /* Base */,
			);
			name = Main.storyboard;
			sourceTree = "<group>";
		};
		114432ED21A3725600C1B990 /* LaunchScreen.storyboard */ = {
			isa = PBXVariantGroup;
			children = (
				114432EE21A3725600C1B990 /* Base */,
			);
			name = LaunchScreen.storyboard;
			sourceTree = "<group>";
		};
/* End PBXVariantGroup section */

/* Begin XCBuildConfiguration section */
		114432F121A3725600C1B990 /* Debug */ = {
			isa = XCBuildConfiguration;
			buildSettings = {
				ALWAYS_SEARCH_USER_PATHS = NO;
				CLANG_ANALYZER_NONNULL = YES;
				CLANG_ANALYZER_NUMBER_OBJECT_CONVERSION = YES_AGGRESSIVE;
				CLANG_CXX_LANGUAGE_STANDARD = "gnu++14";
				CLANG_CXX_LIBRARY = "libc++";
				CLANG_ENABLE_MODULES = YES;
				CLANG_ENABLE_OBJC_ARC = YES;
				CLANG_ENABLE_OBJC_WEAK = YES;
				CLANG_WARN_BLOCK_CAPTURE_AUTORELEASING = YES;
				CLANG_WARN_BOOL_CONVERSION = YES;
				CLANG_WARN_COMMA = YES;
				CLANG_WARN_CONSTANT_CONVERSION = YES;
				CLANG_WARN_DEPRECATED_OBJC_IMPLEMENTATIONS = YES;
				CLANG_WARN_DIRECT_OBJC_ISA_USAGE = YES_ERROR;
				CLANG_WARN_DOCUMENTATION_COMMENTS = YES;
				CLANG_WARN_EMPTY_BODY = YES;
				CLANG_WARN_ENUM_CONVERSION = YES;
				CLANG_WARN_INFINITE_RECURSION = YES;
				CLANG_WARN_INT_CONVERSION = YES;
				CLANG_WARN_NON_LITERAL_NULL_CONVERSION = YES;
				CLANG_WARN_OBJC_IMPLICIT_RETAIN_SELF = YES;
				CLANG_WARN_OBJC_LITERAL_CONVERSION = YES;
				CLANG_WARN_OBJC_ROOT_CLASS = YES_ERROR;
				CLANG_WARN_RANGE_LOOP_ANALYSIS = YES;
				CLANG_WARN_STRICT_PROTOTYPES = YES;
				CLANG_WARN_SUSPICIOUS_MOVE = YES;
				CLANG_WARN_UNGUARDED_AVAILABILITY = YES_AGGRESSIVE;
				CLANG_WARN_UNREACHABLE_CODE = YES;
				CLANG_WARN__DUPLICATE_METHOD_MATCH = YES;
				CODE_SIGN_IDENTITY = "iPhone Developer";
				COPY_PHASE_STRIP = NO;
				DEBUG_INFORMATION_FORMAT = dwarf;
				ENABLE_STRICT_OBJC_MSGSEND = YES;
				ENABLE_TESTABILITY = YES;
				GCC_C_LANGUAGE_STANDARD = gnu11;
				GCC_DYNAMIC_NO_PIC = NO;
				GCC_NO_COMMON_BLOCKS = YES;
				GCC_OPTIMIZATION_LEVEL = 0;
				GCC_PREPROCESSOR_DEFINITIONS = (
					"DEBUG=1",
					"$(inherited)",
				);
				GCC_WARN_64_TO_32_BIT_CONVERSION = YES;
				GCC_WARN_ABOUT_RETURN_TYPE = YES_ERROR;
				GCC_WARN_UNDECLARED_SELECTOR = YES;
				GCC_WARN_UNINITIALIZED_AUTOS = YES_AGGRESSIVE;
				GCC_WARN_UNUSED_FUNCTION = YES;
				GCC_WARN_UNUSED_VARIABLE = YES;
				IPHONEOS_DEPLOYMENT_TARGET = 12.1;
				MTL_ENABLE_DEBUG_INFO = INCLUDE_SOURCE;
				MTL_FAST_MATH = YES;
				ONLY_ACTIVE_ARCH = YES;
				SDKROOT = iphoneos;
				SWIFT_ACTIVE_COMPILATION_CONDITIONS = DEBUG;
				SWIFT_OPTIMIZATION_LEVEL = "-Onone";
			};
			name = Debug;
		};
		114432F221A3725600C1B990 /* Release */ = {
			isa = XCBuildConfiguration;
			buildSettings = {
				ALWAYS_SEARCH_USER_PATHS = NO;
				CLANG_ANALYZER_NONNULL = YES;
				CLANG_ANALYZER_NUMBER_OBJECT_CONVERSION = YES_AGGRESSIVE;
				CLANG_CXX_LANGUAGE_STANDARD = "gnu++14";
				CLANG_CXX_LIBRARY = "libc++";
				CLANG_ENABLE_MODULES = YES;
				CLANG_ENABLE_OBJC_ARC = YES;
				CLANG_ENABLE_OBJC_WEAK = YES;
				CLANG_WARN_BLOCK_CAPTURE_AUTORELEASING = YES;
				CLANG_WARN_BOOL_CONVERSION = YES;
				CLANG_WARN_COMMA = YES;
				CLANG_WARN_CONSTANT_CONVERSION = YES;
				CLANG_WARN_DEPRECATED_OBJC_IMPLEMENTATIONS = YES;
				CLANG_WARN_DIRECT_OBJC_ISA_USAGE = YES_ERROR;
				CLANG_WARN_DOCUMENTATION_COMMENTS = YES;
				CLANG_WARN_EMPTY_BODY = YES;
				CLANG_WARN_ENUM_CONVERSION = YES;
				CLANG_WARN_INFINITE_RECURSION = YES;
				CLANG_WARN_INT_CONVERSION = YES;
				CLANG_WARN_NON_LITERAL_NULL_CONVERSION = YES;
				CLANG_WARN_OBJC_IMPLICIT_RETAIN_SELF = YES;
				CLANG_WARN_OBJC_LITERAL_CONVERSION = YES;
				CLANG_WARN_OBJC_ROOT_CLASS = YES_ERROR;
				CLANG_WARN_RANGE_LOOP_ANALYSIS = YES;
				CLANG_WARN_STRICT_PROTOTYPES = YES;
				CLANG_WARN_SUSPICIOUS_MOVE = YES;
				CLANG_WARN_UNGUARDED_AVAILABILITY = YES_AGGRESSIVE;
				CLANG_WARN_UNREACHABLE_CODE = YES;
				CLANG_WARN__DUPLICATE_METHOD_MATCH = YES;
				CODE_SIGN_IDENTITY = "iPhone Developer";
				COPY_PHASE_STRIP = NO;
				DEBUG_INFORMATION_FORMAT = "dwarf-with-dsym";
				ENABLE_NS_ASSERTIONS = NO;
				ENABLE_STRICT_OBJC_MSGSEND = YES;
				GCC_C_LANGUAGE_STANDARD = gnu11;
				GCC_NO_COMMON_BLOCKS = YES;
				GCC_WARN_64_TO_32_BIT_CONVERSION = YES;
				GCC_WARN_ABOUT_RETURN_TYPE = YES_ERROR;
				GCC_WARN_UNDECLARED_SELECTOR = YES;
				GCC_WARN_UNINITIALIZED_AUTOS = YES_AGGRESSIVE;
				GCC_WARN_UNUSED_FUNCTION = YES;
				GCC_WARN_UNUSED_VARIABLE = YES;
				IPHONEOS_DEPLOYMENT_TARGET = 12.1;
				MTL_ENABLE_DEBUG_INFO = NO;
				MTL_FAST_MATH = YES;
				SDKROOT = iphoneos;
				SWIFT_COMPILATION_MODE = wholemodule;
				SWIFT_OPTIMIZATION_LEVEL = "-O";
				VALIDATE_PRODUCT = YES;
			};
			name = Release;
		};
		114432F421A3725600C1B990 /* Debug */ = {
			isa = XCBuildConfiguration;
			buildSettings = {
				ASSETCATALOG_COMPILER_APPICON_NAME = AppIcon;
				CODE_SIGN_STYLE = Automatic;
				DEVELOPMENT_TEAM = HD8Z8V6932;
				INFOPLIST_FILE = "SanderDeVries-pset2/Info.plist";
				LD_RUNPATH_SEARCH_PATHS = (
					"$(inherited)",
					"@executable_path/Frameworks",
				);
				PRODUCT_BUNDLE_IDENTIFIER = "freesers.SanderDeVries-pset2";
				PRODUCT_NAME = "$(TARGET_NAME)";
				SWIFT_VERSION = 4.2;
				TARGETED_DEVICE_FAMILY = 1;
			};
			name = Debug;
		};
		114432F521A3725600C1B990 /* Release */ = {
			isa = XCBuildConfiguration;
			buildSettings = {
				ASSETCATALOG_COMPILER_APPICON_NAME = AppIcon;
				CODE_SIGN_STYLE = Automatic;
				DEVELOPMENT_TEAM = HD8Z8V6932;
				INFOPLIST_FILE = "SanderDeVries-pset2/Info.plist";
				LD_RUNPATH_SEARCH_PATHS = (
					"$(inherited)",
					"@executable_path/Frameworks",
				);
				PRODUCT_BUNDLE_IDENTIFIER = "freesers.SanderDeVries-pset2";
				PRODUCT_NAME = "$(TARGET_NAME)";
				SWIFT_VERSION = 4.2;
				TARGETED_DEVICE_FAMILY = 1;
			};
			name = Release;
		};
/* End XCBuildConfiguration section */

/* Begin XCConfigurationList section */
		114432DC21A3725500C1B990 /* Build configuration list for PBXProject "SanderDeVries-pset2" */ = {
			isa = XCConfigurationList;
			buildConfigurations = (
				114432F121A3725600C1B990 /* Debug */,
				114432F221A3725600C1B990 /* Release */,
			);
			defaultConfigurationIsVisible = 0;
			defaultConfigurationName = Release;
		};
		114432F321A3725600C1B990 /* Build configuration list for PBXNativeTarget "SanderDeVries-pset2" */ = {
			isa = XCConfigurationList;
			buildConfigurations = (
				114432F421A3725600C1B990 /* Debug */,
				114432F521A3725600C1B990 /* Release */,
			);
			defaultConfigurationIsVisible = 0;
			defaultConfigurationName = Release;
		};
/* End XCConfigurationList section */
	};
	rootObject = 114432D921A3725500C1B990 /* Project object */;
}
